
Microsoft Visual Studio Solution File, Format Version 12.00
# Visual Studio 15
VisualStudioVersion = 15.0.27703.2042
MinimumVisualStudioVersion = 10.0.40219.1
Project("{8BC9CEB8-8B4A-11D0-8D11-00A0C91BC942}") = "yatools.lib.image", "project\yatools.lib.image\yatools.lib.image.vcxproj", "{8173F4A9-0435-4B24-997B-49EBFD66530F}"
EndProject
Project("{8BC9CEB8-8B4A-11D0-8D11-00A0C91BC942}") = "yatools.lib.image.file", "project\yatools.lib.image.file\yatools.lib.image.file.vcxproj", "{EE25AD10-7D76-4F18-BC77-19C857B74E27}"
	ProjectSection(ProjectDependencies) = postProject
		{8173F4A9-0435-4B24-997B-49EBFD66530F} = {8173F4A9-0435-4B24-997B-49EBFD66530F}
	EndProjectSection
EndProject
Global
	GlobalSection(SolutionConfigurationPlatforms) = preSolution
		Debug|x64 = Debug|x64
		Debug|x86 = Debug|x86
		Release|x64 = Release|x64
		Release|x86 = Release|x86
	EndGlobalSection
	GlobalSection(ProjectConfigurationPlatforms) = postSolution
		{8173F4A9-0435-4B24-997B-49EBFD66530F}.Debug|x64.ActiveCfg = Debug|x64
		{8173F4A9-0435-4B24-997B-49EBFD66530F}.Debug|x64.Build.0 = Debug|x64
		{8173F4A9-0435-4B24-997B-49EBFD66530F}.Debug|x86.ActiveCfg = Debug|Win32
		{8173F4A9-0435-4B24-997B-49EBFD66530F}.Debug|x86.Build.0 = Debug|Win32
		{8173F4A9-0435-4B24-997B-49EBFD66530F}.Release|x64.ActiveCfg = Release|x64
		{8173F4A9-0435-4B24-997B-49EBFD66530F}.Release|x64.Build.0 = Release|x64
		{8173F4A9-0435-4B24-997B-49EBFD66530F}.Release|x86.ActiveCfg = Release|Win32
		{8173F4A9-0435-4B24-997B-49EBFD66530F}.Release|x86.Build.0 = Release|Win32
		{EE25AD10-7D76-4F18-BC77-19C857B74E27}.Debug|x64.ActiveCfg = Debug|x64
		{EE25AD10-7D76-4F18-BC77-19C857B74E27}.Debug|x64.Build.0 = Debug|x64
		{EE25AD10-7D76-4F18-BC77-19C857B74E27}.Debug|x86.ActiveCfg = Debug|Win32
		{EE25AD10-7D76-4F18-BC77-19C857B74E27}.Debug|x86.Build.0 = Debug|Win32
		{EE25AD10-7D76-4F18-BC77-19C857B74E27}.Release|x64.ActiveCfg = Release|x64
		{EE25AD10-7D76-4F18-BC77-19C857B74E27}.Release|x64.Build.0 = Release|x64
		{EE25AD10-7D76-4F18-BC77-19C857B74E27}.Release|x86.ActiveCfg = Release|Win32
		{EE25AD10-7D76-4F18-BC77-19C857B74E27}.Release|x86.Build.0 = Release|Win32
	EndGlobalSection
	GlobalSection(SolutionProperties) = preSolution
		HideSolutionNode = FALSE
	EndGlobalSection
	GlobalSection(ExtensibilityGlobals) = postSolution
		SolutionGuid = {BFBC232A-FC45-4476-8AC8-B27FAC56EC8F}
	EndGlobalSection
EndGlobal
